
Microsoft Visual Studio Solution File, Format Version 12.00
# Visual Studio Version 17
VisualStudioVersion = 17.9.34728.123
MinimumVisualStudioVersion = 10.0.40219.1
Project("{888888A0-9F3D-457C-B088-3A5042F75D52}") = "Code", "Code.pyproj", "{30FD0DC1-C862-469E-9AAA-A02A17875ACC}"
EndProject
Global
	GlobalSection(SolutionConfigurationPlatforms) = preSolution
		Debug|Any CPU = Debug|Any CPU
		Release|Any CPU = Release|Any CPU
	EndGlobalSection
	GlobalSection(ProjectConfigurationPlatforms) = postSolution
		{30FD0DC1-C862-469E-9AAA-A02A17875ACC}.Debug|Any CPU.ActiveCfg = Debug|Any CPU
		{30FD0DC1-C862-469E-9AAA-A02A17875ACC}.Release|Any CPU.ActiveCfg = Release|Any CPU
	EndGlobalSection
	GlobalSection(SolutionProperties) = preSolution
		HideSolutionNode = FALSE
	EndGlobalSection
	GlobalSection(ExtensibilityGlobals) = postSolution
		SolutionGuid = {0145C9F5-0E35-4F1E-A6DE-2012F9767DBC}
	EndGlobalSection
EndGlobal
