
Microsoft Visual Studio Solution File, Format Version 12.00
# Visual Studio Version 17
VisualStudioVersion = 17.9.34728.123
MinimumVisualStudioVersion = 10.0.40219.1
Project("{888888A0-9F3D-457C-B088-3A5042F75D52}") = "FlaskEnigma", "FlaskEnigma.pyproj", "{1ECBD4B0-F03F-42A0-9C03-800DC59771CD}"
EndProject
Global
	GlobalSection(SolutionConfigurationPlatforms) = preSolution
		Debug|Any CPU = Debug|Any CPU
		Release|Any CPU = Release|Any CPU
	EndGlobalSection
	GlobalSection(ProjectConfigurationPlatforms) = postSolution
		{1ECBD4B0-F03F-42A0-9C03-800DC59771CD}.Debug|Any CPU.ActiveCfg = Debug|Any CPU
		{1ECBD4B0-F03F-42A0-9C03-800DC59771CD}.Debug|Any CPU.Build.0 = Debug|Any CPU
		{1ECBD4B0-F03F-42A0-9C03-800DC59771CD}.Release|Any CPU.ActiveCfg = Release|Any CPU
		{1ECBD4B0-F03F-42A0-9C03-800DC59771CD}.Release|Any CPU.Build.0 = Release|Any CPU
	EndGlobalSection
	GlobalSection(SolutionProperties) = preSolution
		HideSolutionNode = FALSE
	EndGlobalSection
	GlobalSection(ExtensibilityGlobals) = postSolution
		SolutionGuid = {3EA9BEE7-68D1-4E77-8314-566A8B9D7725}
	EndGlobalSection
EndGlobal
